
Microsoft Visual Studio Solution File, Format Version 12.00
# Visual Studio 2013
VisualStudioVersion = 12.0.31101.0
MinimumVisualStudioVersion = 10.0.40219.1
Project("{FAE04EC0-301F-11D3-BF4B-00C04F79EFBC}") = "Module2", "CSharpModule1\Module2.csproj", "{BA34BFDE-FA3A-4FF6-9A24-372B25A53285}"
EndProject
Project("{FAE04EC0-301F-11D3-BF4B-00C04F79EFBC}") = "Module1", "Module2\Module1.csproj", "{83580522-1525-47CD-B764-2C35FC9EB343}"
EndProject
Project("{FAE04EC0-301F-11D3-BF4B-00C04F79EFBC}") = "Module3", "Module3\Module3.csproj", "{AA51E395-0123-4BE8-AC92-8471F32CD85E}"
EndProject
Project("{FAE04EC0-301F-11D3-BF4B-00C04F79EFBC}") = "Module4", "Module4\Module4.csproj", "{6760FDB5-7B8A-43FC-96E1-560065A6D054}"
EndProject
Project("{FAE04EC0-301F-11D3-BF4B-00C04F79EFBC}") = "Module5", "Module5\Module5.csproj", "{C52D9A2C-974F-43F1-B3DD-2120C2479316}"
EndProject
Project("{FAE04EC0-301F-11D3-BF4B-00C04F79EFBC}") = "Module6", "Module6\Module6.csproj", "{4014B0D8-514B-452A-89E4-7594014A6BC2}"
EndProject
Project("{FAE04EC0-301F-11D3-BF4B-00C04F79EFBC}") = "Module7", "Module7\Module7.csproj", "{5690C285-D12E-4917-81C3-7E255729FE83}"
EndProject
Project("{FAE04EC0-301F-11D3-BF4B-00C04F79EFBC}") = "Module8", "Module8\Module8.csproj", "{5A536675-358F-4C45-ABA7-B4870E74C603}"
EndProject
Global
	GlobalSection(SolutionConfigurationPlatforms) = preSolution
		Debug|Any CPU = Debug|Any CPU
		Release|Any CPU = Release|Any CPU
	EndGlobalSection
	GlobalSection(ProjectConfigurationPlatforms) = postSolution
		{BA34BFDE-FA3A-4FF6-9A24-372B25A53285}.Debug|Any CPU.ActiveCfg = Debug|Any CPU
		{BA34BFDE-FA3A-4FF6-9A24-372B25A53285}.Debug|Any CPU.Build.0 = Debug|Any CPU
		{BA34BFDE-FA3A-4FF6-9A24-372B25A53285}.Release|Any CPU.ActiveCfg = Release|Any CPU
		{BA34BFDE-FA3A-4FF6-9A24-372B25A53285}.Release|Any CPU.Build.0 = Release|Any CPU
		{83580522-1525-47CD-B764-2C35FC9EB343}.Debug|Any CPU.ActiveCfg = Debug|Any CPU
		{83580522-1525-47CD-B764-2C35FC9EB343}.Debug|Any CPU.Build.0 = Debug|Any CPU
		{83580522-1525-47CD-B764-2C35FC9EB343}.Release|Any CPU.ActiveCfg = Release|Any CPU
		{83580522-1525-47CD-B764-2C35FC9EB343}.Release|Any CPU.Build.0 = Release|Any CPU
		{AA51E395-0123-4BE8-AC92-8471F32CD85E}.Debug|Any CPU.ActiveCfg = Debug|Any CPU
		{AA51E395-0123-4BE8-AC92-8471F32CD85E}.Debug|Any CPU.Build.0 = Debug|Any CPU
		{AA51E395-0123-4BE8-AC92-8471F32CD85E}.Release|Any CPU.ActiveCfg = Release|Any CPU
		{AA51E395-0123-4BE8-AC92-8471F32CD85E}.Release|Any CPU.Build.0 = Release|Any CPU
		{6760FDB5-7B8A-43FC-96E1-560065A6D054}.Debug|Any CPU.ActiveCfg = Debug|Any CPU
		{6760FDB5-7B8A-43FC-96E1-560065A6D054}.Debug|Any CPU.Build.0 = Debug|Any CPU
		{6760FDB5-7B8A-43FC-96E1-560065A6D054}.Release|Any CPU.ActiveCfg = Release|Any CPU
		{6760FDB5-7B8A-43FC-96E1-560065A6D054}.Release|Any CPU.Build.0 = Release|Any CPU
		{C52D9A2C-974F-43F1-B3DD-2120C2479316}.Debug|Any CPU.ActiveCfg = Debug|Any CPU
		{C52D9A2C-974F-43F1-B3DD-2120C2479316}.Debug|Any CPU.Build.0 = Debug|Any CPU
		{C52D9A2C-974F-43F1-B3DD-2120C2479316}.Release|Any CPU.ActiveCfg = Release|Any CPU
		{C52D9A2C-974F-43F1-B3DD-2120C2479316}.Release|Any CPU.Build.0 = Release|Any CPU
		{4014B0D8-514B-452A-89E4-7594014A6BC2}.Debug|Any CPU.ActiveCfg = Debug|Any CPU
		{4014B0D8-514B-452A-89E4-7594014A6BC2}.Debug|Any CPU.Build.0 = Debug|Any CPU
		{4014B0D8-514B-452A-89E4-7594014A6BC2}.Release|Any CPU.ActiveCfg = Release|Any CPU
		{4014B0D8-514B-452A-89E4-7594014A6BC2}.Release|Any CPU.Build.0 = Release|Any CPU
		{5690C285-D12E-4917-81C3-7E255729FE83}.Debug|Any CPU.ActiveCfg = Debug|Any CPU
		{5690C285-D12E-4917-81C3-7E255729FE83}.Debug|Any CPU.Build.0 = Debug|Any CPU
		{5690C285-D12E-4917-81C3-7E255729FE83}.Release|Any CPU.ActiveCfg = Release|Any CPU
		{5690C285-D12E-4917-81C3-7E255729FE83}.Release|Any CPU.Build.0 = Release|Any CPU
		{5A536675-358F-4C45-ABA7-B4870E74C603}.Debug|Any CPU.ActiveCfg = Debug|Any CPU
		{5A536675-358F-4C45-ABA7-B4870E74C603}.Debug|Any CPU.Build.0 = Debug|Any CPU
		{5A536675-358F-4C45-ABA7-B4870E74C603}.Release|Any CPU.ActiveCfg = Release|Any CPU
		{5A536675-358F-4C45-ABA7-B4870E74C603}.Release|Any CPU.Build.0 = Release|Any CPU
	EndGlobalSection
	GlobalSection(SolutionProperties) = preSolution
		HideSolutionNode = FALSE
	EndGlobalSection
EndGlobal
